PODS:
  - CMSMLeaksFinder (0.2.0):
    - CMSMLeaksFinder/FBRetainCycleDetector (= 0.2.0)
    - CMSMLeaksFinder/MLeaksFinder (= 0.2.0)
    - CMSMLeaksFinder/rcd_fishhook (= 0.2.0)
  - CMSMLeaksFinder/FBRetainCycleDetector (0.2.0):
    - CMSMLeaksFinder/rcd_fishhook
  - CMSMLeaksFinder/MLeaksFinder (0.2.0):
    - CMSMLeaksFinder/FBRetainCycleDetector
  - CMSMLeaksFinder/rcd_fishhook (0.2.0)

DEPENDENCIES:
  - CMSMLeaksFinder (from `../`)

EXTERNAL SOURCES:
  CMSMLeaksFinder:
    :path: "../"

SPEC CHECKSUMS:
  CMSMLeaksFinder: 41fcac3b28ce4374c0ea8816624344892481c63c

PODFILE CHECKSUM: 989d4a0c5cf2a9ba76f4989c8f17a8180862405e

COCOAPODS: 1.11.2
